
Microsoft Visual Studio Solution File, Format Version 12.00
# Visual Studio Version 16
VisualStudioVersion = 16.0.32413.511
MinimumVisualStudioVersion = 10.0.40219.1
Project("{9A19103F-16F7-4668-BE54-9A1E7A4F7556}") = "DataAcces", "DataAcces\DataAcces.csproj", "{1BF11D74-10A2-4496-9BC6-B0BB4386B35C}"
EndProject
Project("{9A19103F-16F7-4668-BE54-9A1E7A4F7556}") = "Businnes", "Businnes\Businnes.csproj", "{BCDE8FFF-EFAA-454B-BA9E-2C85B5548D9F}"
EndProject
Project("{9A19103F-16F7-4668-BE54-9A1E7A4F7556}") = "Entities", "Entities\Entities.csproj", "{43A33550-0C31-4E55-8E45-123C481BF743}"
EndProject
Project("{FAE04EC0-301F-11D3-BF4B-00C04F79EFBC}") = "ConsolUI", "ConsolUI\ConsolUI.csproj", "{EBA64AB9-4186-4369-91B8-7492F50BB36A}"
EndProject
Global
	GlobalSection(SolutionConfigurationPlatforms) = preSolution
		Debug|Any CPU = Debug|Any CPU
		Release|Any CPU = Release|Any CPU
	EndGlobalSection
	GlobalSection(ProjectConfigurationPlatforms) = postSolution
		{1BF11D74-10A2-4496-9BC6-B0BB4386B35C}.Debug|Any CPU.ActiveCfg = Debug|Any CPU
		{1BF11D74-10A2-4496-9BC6-B0BB4386B35C}.Debug|Any CPU.Build.0 = Debug|Any CPU
		{1BF11D74-10A2-4496-9BC6-B0BB4386B35C}.Release|Any CPU.ActiveCfg = Release|Any CPU
		{1BF11D74-10A2-4496-9BC6-B0BB4386B35C}.Release|Any CPU.Build.0 = Release|Any CPU
		{BCDE8FFF-EFAA-454B-BA9E-2C85B5548D9F}.Debug|Any CPU.ActiveCfg = Debug|Any CPU
		{BCDE8FFF-EFAA-454B-BA9E-2C85B5548D9F}.Debug|Any CPU.Build.0 = Debug|Any CPU
		{BCDE8FFF-EFAA-454B-BA9E-2C85B5548D9F}.Release|Any CPU.ActiveCfg = Release|Any CPU
		{BCDE8FFF-EFAA-454B-BA9E-2C85B5548D9F}.Release|Any CPU.Build.0 = Release|Any CPU
		{43A33550-0C31-4E55-8E45-123C481BF743}.Debug|Any CPU.ActiveCfg = Debug|Any CPU
		{43A33550-0C31-4E55-8E45-123C481BF743}.Debug|Any CPU.Build.0 = Debug|Any CPU
		{43A33550-0C31-4E55-8E45-123C481BF743}.Release|Any CPU.ActiveCfg = Release|Any CPU
		{43A33550-0C31-4E55-8E45-123C481BF743}.Release|Any CPU.Build.0 = Release|Any CPU
		{EBA64AB9-4186-4369-91B8-7492F50BB36A}.Debug|Any CPU.ActiveCfg = Debug|Any CPU
		{EBA64AB9-4186-4369-91B8-7492F50BB36A}.Debug|Any CPU.Build.0 = Debug|Any CPU
		{EBA64AB9-4186-4369-91B8-7492F50BB36A}.Release|Any CPU.ActiveCfg = Release|Any CPU
		{EBA64AB9-4186-4369-91B8-7492F50BB36A}.Release|Any CPU.Build.0 = Release|Any CPU
	EndGlobalSection
	GlobalSection(SolutionProperties) = preSolution
		HideSolutionNode = FALSE
	EndGlobalSection
	GlobalSection(ExtensibilityGlobals) = postSolution
		SolutionGuid = {49F40C2C-8456-4EF5-800E-91548CF87CD5}
	EndGlobalSection
EndGlobal
